
Microsoft Visual Studio Solution File, Format Version 12.00
# Visual Studio Version 17
VisualStudioVersion = 17.2.32516.85
MinimumVisualStudioVersion = 10.0.40219.1
Project("{FAE04EC0-301F-11D3-BF4B-00C04F79EFBC}") = "CodewarsNotepad", "CodewarsNotepad\CodewarsNotepad.csproj", "{1F3F143A-D856-476E-92E2-AD9D99B4EA10}"
EndProject
Project("{FAE04EC0-301F-11D3-BF4B-00C04F79EFBC}") = "CodewarsNotepadTests", "CodewarsNotepadTests\CodewarsNotepadTests.csproj", "{1F418F4B-E038-42D0-AA69-0698F0FA629B}"
EndProject
Global
	GlobalSection(SolutionConfigurationPlatforms) = preSolution
		Debug|Any CPU = Debug|Any CPU
		Release|Any CPU = Release|Any CPU
	EndGlobalSection
	GlobalSection(ProjectConfigurationPlatforms) = postSolution
		{1F3F143A-D856-476E-92E2-AD9D99B4EA10}.Debug|Any CPU.ActiveCfg = Debug|Any CPU
		{1F3F143A-D856-476E-92E2-AD9D99B4EA10}.Debug|Any CPU.Build.0 = Debug|Any CPU
		{1F3F143A-D856-476E-92E2-AD9D99B4EA10}.Release|Any CPU.ActiveCfg = Release|Any CPU
		{1F3F143A-D856-476E-92E2-AD9D99B4EA10}.Release|Any CPU.Build.0 = Release|Any CPU
		{1F418F4B-E038-42D0-AA69-0698F0FA629B}.Debug|Any CPU.ActiveCfg = Debug|Any CPU
		{1F418F4B-E038-42D0-AA69-0698F0FA629B}.Debug|Any CPU.Build.0 = Debug|Any CPU
		{1F418F4B-E038-42D0-AA69-0698F0FA629B}.Release|Any CPU.ActiveCfg = Release|Any CPU
		{1F418F4B-E038-42D0-AA69-0698F0FA629B}.Release|Any CPU.Build.0 = Release|Any CPU
	EndGlobalSection
	GlobalSection(SolutionProperties) = preSolution
		HideSolutionNode = FALSE
	EndGlobalSection
	GlobalSection(ExtensibilityGlobals) = postSolution
		SolutionGuid = {FDA0F6C7-466F-464B-BF2A-FD571E898E8C}
	EndGlobalSection
EndGlobal
